
Microsoft Visual Studio Solution File, Format Version 12.00
# Visual Studio Version 16
VisualStudioVersion = 16.0.33130.400
MinimumVisualStudioVersion = 10.0.40219.1
Project("{FAE04EC0-301F-11D3-BF4B-00C04F79EFBC}") = "WINUI", "WINUI\WINUI.csproj", "{4D7483A7-AA37-4D2A-BE8E-39FBD7BA2F6E}"
EndProject
Project("{FAE04EC0-301F-11D3-BF4B-00C04F79EFBC}") = "EmployeeClassLibrary", "TeamLeader\EmployeeClassLibrary.csproj", "{DE7E1556-5046-45E1-B420-BD37DE661266}"
EndProject
Global
	GlobalSection(SolutionConfigurationPlatforms) = preSolution
		Debug|Any CPU = Debug|Any CPU
		Release|Any CPU = Release|Any CPU
	EndGlobalSection
	GlobalSection(ProjectConfigurationPlatforms) = postSolution
		{4D7483A7-AA37-4D2A-BE8E-39FBD7BA2F6E}.Debug|Any CPU.ActiveCfg = Debug|Any CPU
		{4D7483A7-AA37-4D2A-BE8E-39FBD7BA2F6E}.Debug|Any CPU.Build.0 = Debug|Any CPU
		{4D7483A7-AA37-4D2A-BE8E-39FBD7BA2F6E}.Release|Any CPU.ActiveCfg = Release|Any CPU
		{4D7483A7-AA37-4D2A-BE8E-39FBD7BA2F6E}.Release|Any CPU.Build.0 = Release|Any CPU
		{DE7E1556-5046-45E1-B420-BD37DE661266}.Debug|Any CPU.ActiveCfg = Debug|Any CPU
		{DE7E1556-5046-45E1-B420-BD37DE661266}.Debug|Any CPU.Build.0 = Debug|Any CPU
		{DE7E1556-5046-45E1-B420-BD37DE661266}.Release|Any CPU.ActiveCfg = Release|Any CPU
		{DE7E1556-5046-45E1-B420-BD37DE661266}.Release|Any CPU.Build.0 = Release|Any CPU
	EndGlobalSection
	GlobalSection(SolutionProperties) = preSolution
		HideSolutionNode = FALSE
	EndGlobalSection
	GlobalSection(ExtensibilityGlobals) = postSolution
		SolutionGuid = {C7E793C8-0B73-4C8B-9670-CF5DD87E3DBB}
	EndGlobalSection
EndGlobal
