
Microsoft Visual Studio Solution File, Format Version 12.00
# Visual Studio Version 16
VisualStudioVersion = 16.0.34031.81
MinimumVisualStudioVersion = 10.0.40219.1
Project("{FAE04EC0-301F-11D3-BF4B-00C04F79EFBC}") = "WINUI", "WINUI\WINUI.csproj", "{77678668-75FB-4ACB-9012-BC7BA30367A7}"
EndProject
Global
	GlobalSection(SolutionConfigurationPlatforms) = preSolution
		Debug|Any CPU = Debug|Any CPU
		Release|Any CPU = Release|Any CPU
	EndGlobalSection
	GlobalSection(ProjectConfigurationPlatforms) = postSolution
		{77678668-75FB-4ACB-9012-BC7BA30367A7}.Debug|Any CPU.ActiveCfg = Debug|Any CPU
		{77678668-75FB-4ACB-9012-BC7BA30367A7}.Debug|Any CPU.Build.0 = Debug|Any CPU
		{77678668-75FB-4ACB-9012-BC7BA30367A7}.Release|Any CPU.ActiveCfg = Release|Any CPU
		{77678668-75FB-4ACB-9012-BC7BA30367A7}.Release|Any CPU.Build.0 = Release|Any CPU
	EndGlobalSection
	GlobalSection(SolutionProperties) = preSolution
		HideSolutionNode = FALSE
	EndGlobalSection
	GlobalSection(ExtensibilityGlobals) = postSolution
		SolutionGuid = {2A8AC70E-E015-4D39-B51C-512333FC82D5}
	EndGlobalSection
EndGlobal
