
Microsoft Visual Studio Solution File, Format Version 12.00
# Visual Studio Version 16
VisualStudioVersion = 16.0.33130.400
MinimumVisualStudioVersion = 10.0.40219.1
Project("{FAE04EC0-301F-11D3-BF4B-00C04F79EFBC}") = "WinUI", "WinUI\WinUI.csproj", "{3FF8DC1D-AFDE-4CA9-A775-089C0C060E39}"
EndProject
Global
	GlobalSection(SolutionConfigurationPlatforms) = preSolution
		Debug|Any CPU = Debug|Any CPU
		Release|Any CPU = Release|Any CPU
	EndGlobalSection
	GlobalSection(ProjectConfigurationPlatforms) = postSolution
		{3FF8DC1D-AFDE-4CA9-A775-089C0C060E39}.Debug|Any CPU.ActiveCfg = Debug|Any CPU
		{3FF8DC1D-AFDE-4CA9-A775-089C0C060E39}.Debug|Any CPU.Build.0 = Debug|Any CPU
		{3FF8DC1D-AFDE-4CA9-A775-089C0C060E39}.Release|Any CPU.ActiveCfg = Release|Any CPU
		{3FF8DC1D-AFDE-4CA9-A775-089C0C060E39}.Release|Any CPU.Build.0 = Release|Any CPU
	EndGlobalSection
	GlobalSection(SolutionProperties) = preSolution
		HideSolutionNode = FALSE
	EndGlobalSection
	GlobalSection(ExtensibilityGlobals) = postSolution
		SolutionGuid = {951B5FA1-8EE9-46B2-B379-F64182F1BCDB}
	EndGlobalSection
EndGlobal
